Microsoft Visual Studio Solution File, Format Version 12.00
# Visual Studio Version 17
VisualStudioVersion = 17.5.2.0
MinimumVisualStudioVersion = 10.0.40219.1
Project("{FAE04EC0-301F-11D3-BF4B-00C04F79EFBC}") = "Gauniv.WebServer", "Gauniv.WebServer.csproj", "{3FB5A95A-9EE8-5460-42DC-F79D28BE43DD}"
EndProject
Global
	GlobalSection(SolutionConfigurationPlatforms) = preSolution
		Debug|Any CPU = Debug|Any CPU
		Release|Any CPU = Release|Any CPU
	EndGlobalSection
	GlobalSection(ProjectConfigurationPlatforms) = postSolution
		{3FB5A95A-9EE8-5460-42DC-F79D28BE43DD}.Debug|Any CPU.ActiveCfg = Debug|Any CPU
		{3FB5A95A-9EE8-5460-42DC-F79D28BE43DD}.Debug|Any CPU.Build.0 = Debug|Any CPU
		{3FB5A95A-9EE8-5460-42DC-F79D28BE43DD}.Release|Any CPU.ActiveCfg = Release|Any CPU
		{3FB5A95A-9EE8-5460-42DC-F79D28BE43DD}.Release|Any CPU.Build.0 = Release|Any CPU
	EndGlobalSection
	GlobalSection(SolutionProperties) = preSolution
		HideSolutionNode = FALSE
	EndGlobalSection
	GlobalSection(ExtensibilityGlobals) = postSolution
		SolutionGuid = {ACB58968-E8D1-45E1-AE61-31B5B70B5BF6}
	EndGlobalSection
EndGlobal
